Microsoft Visual Studio Solution File, Format Version 12.00
# Visual Studio Version 17
VisualStudioVersion = 17.5.2.0
MinimumVisualStudioVersion = 10.0.40219.1
Project("{FAE04EC0-301F-11D3-BF4B-00C04F79EFBC}") = "DesktopWidget", "DesktopWidget.csproj", "{AB2D83A7-B84A-6D64-C696-0CD3FC9A5CCD}"
EndProject
Global
	GlobalSection(SolutionConfigurationPlatforms) = preSolution
		Debug|Any CPU = Debug|Any CPU
		Release|Any CPU = Release|Any CPU
	EndGlobalSection
	GlobalSection(ProjectConfigurationPlatforms) = postSolution
		{AB2D83A7-B84A-6D64-C696-0CD3FC9A5CCD}.Debug|Any CPU.ActiveCfg = Debug|Any CPU
		{AB2D83A7-B84A-6D64-C696-0CD3FC9A5CCD}.Debug|Any CPU.Build.0 = Debug|Any CPU
		{AB2D83A7-B84A-6D64-C696-0CD3FC9A5CCD}.Release|Any CPU.ActiveCfg = Release|Any CPU
		{AB2D83A7-B84A-6D64-C696-0CD3FC9A5CCD}.Release|Any CPU.Build.0 = Release|Any CPU
	EndGlobalSection
	GlobalSection(SolutionProperties) = preSolution
		HideSolutionNode = FALSE
	EndGlobalSection
	GlobalSection(ExtensibilityGlobals) = postSolution
		SolutionGuid = {512EC613-D7C0-45DC-8AAB-AE41B7EB18FC}
	EndGlobalSection
EndGlobal
